
Microsoft Visual Studio Solution File, Format Version 12.00
# Visual Studio Version 17
VisualStudioVersion = 17.7.34031.279
MinimumVisualStudioVersion = 10.0.40219.1
Project("{FAE04EC0-301F-11D3-BF4B-00C04F79EFBC}") = "CompositePathern", "CompositePathern.csproj", "{610FF799-A2EA-4175-9EC0-864ACA002C9A}"
EndProject
Global
	GlobalSection(SolutionConfigurationPlatforms) = preSolution
		Debug|Any CPU = Debug|Any CPU
		Release|Any CPU = Release|Any CPU
	EndGlobalSection
	GlobalSection(ProjectConfigurationPlatforms) = postSolution
		{610FF799-A2EA-4175-9EC0-864ACA002C9A}.Debug|Any CPU.ActiveCfg = Debug|Any CPU
		{610FF799-A2EA-4175-9EC0-864ACA002C9A}.Debug|Any CPU.Build.0 = Debug|Any CPU
		{610FF799-A2EA-4175-9EC0-864ACA002C9A}.Release|Any CPU.ActiveCfg = Release|Any CPU
		{610FF799-A2EA-4175-9EC0-864ACA002C9A}.Release|Any CPU.Build.0 = Release|Any CPU
	EndGlobalSection
	GlobalSection(SolutionProperties) = preSolution
		HideSolutionNode = FALSE
	EndGlobalSection
	GlobalSection(ExtensibilityGlobals) = postSolution
		SolutionGuid = {00175660-CF23-4FE8-BC87-22B0CFFD52F4}
	EndGlobalSection
EndGlobal
